
Microsoft Visual Studio Solution File, Format Version 12.00
Project("{FAE04EC0-301F-11D3-BF4B-00C04F79EFBC}") = "NewTodo", "src\NewTodo\NewTodo.csproj", "{84955AEC-F64F-4374-AAA0-900B2637E51C}"
EndProject
Project("{FAE04EC0-301F-11D3-BF4B-00C04F79EFBC}") = "NewTodo.Test", "NewTodo.Test\NewTodo.Test.csproj", "{14B132EF-A95E-428E-BEFC-4011569DFFAF}"
EndProject
Project("{FAE04EC0-301F-11D3-BF4B-00C04F79EFBC}") = "NewTodo.DbMigration", "NewTodo.DbMigration\NewTodo.DbMigration.csproj", "{A7332E94-9C7D-4001-833A-BBFB4FF4CF08}"
EndProject
Project("{FAE04EC0-301F-11D3-BF4B-00C04F79EFBC}") = "NewTodo.Domain", "NewTodo.Domain\NewTodo.Domain.csproj", "{8305AF51-4978-4E88-9D99-87E4593A0FC3}"
EndProject
Project("{FAE04EC0-301F-11D3-BF4B-00C04F79EFBC}") = "NewTodo.IntegrationTest", "NewTodo.IntegrationTest\NewTodo.IntegrationTest.csproj", "{71590DB6-8F40-45AE-9D3C-016F252260E2}"
EndProject
Global
	GlobalSection(SolutionConfigurationPlatforms) = preSolution
		Debug|Any CPU = Debug|Any CPU
		Release|Any CPU = Release|Any CPU
	EndGlobalSection
	GlobalSection(ProjectConfigurationPlatforms) = postSolution
		{84955AEC-F64F-4374-AAA0-900B2637E51C}.Debug|Any CPU.ActiveCfg = Debug|Any CPU
		{84955AEC-F64F-4374-AAA0-900B2637E51C}.Debug|Any CPU.Build.0 = Debug|Any CPU
		{84955AEC-F64F-4374-AAA0-900B2637E51C}.Release|Any CPU.ActiveCfg = Release|Any CPU
		{84955AEC-F64F-4374-AAA0-900B2637E51C}.Release|Any CPU.Build.0 = Release|Any CPU
		{14B132EF-A95E-428E-BEFC-4011569DFFAF}.Debug|Any CPU.ActiveCfg = Debug|Any CPU
		{14B132EF-A95E-428E-BEFC-4011569DFFAF}.Debug|Any CPU.Build.0 = Debug|Any CPU
		{14B132EF-A95E-428E-BEFC-4011569DFFAF}.Release|Any CPU.ActiveCfg = Release|Any CPU
		{14B132EF-A95E-428E-BEFC-4011569DFFAF}.Release|Any CPU.Build.0 = Release|Any CPU
		{A7332E94-9C7D-4001-833A-BBFB4FF4CF08}.Debug|Any CPU.ActiveCfg = Debug|Any CPU
		{A7332E94-9C7D-4001-833A-BBFB4FF4CF08}.Debug|Any CPU.Build.0 = Debug|Any CPU
		{A7332E94-9C7D-4001-833A-BBFB4FF4CF08}.Release|Any CPU.ActiveCfg = Release|Any CPU
		{A7332E94-9C7D-4001-833A-BBFB4FF4CF08}.Release|Any CPU.Build.0 = Release|Any CPU
		{8305AF51-4978-4E88-9D99-87E4593A0FC3}.Debug|Any CPU.ActiveCfg = Debug|Any CPU
		{8305AF51-4978-4E88-9D99-87E4593A0FC3}.Debug|Any CPU.Build.0 = Debug|Any CPU
		{8305AF51-4978-4E88-9D99-87E4593A0FC3}.Release|Any CPU.ActiveCfg = Release|Any CPU
		{8305AF51-4978-4E88-9D99-87E4593A0FC3}.Release|Any CPU.Build.0 = Release|Any CPU
		{71590DB6-8F40-45AE-9D3C-016F252260E2}.Debug|Any CPU.ActiveCfg = Debug|Any CPU
		{71590DB6-8F40-45AE-9D3C-016F252260E2}.Debug|Any CPU.Build.0 = Debug|Any CPU
		{71590DB6-8F40-45AE-9D3C-016F252260E2}.Release|Any CPU.ActiveCfg = Release|Any CPU
		{71590DB6-8F40-45AE-9D3C-016F252260E2}.Release|Any CPU.Build.0 = Release|Any CPU
	EndGlobalSection
EndGlobal
